
Microsoft Visual Studio Solution File, Format Version 12.00
# Visual Studio 15
Project("{FAE04EC0-301F-11D3-BF4B-00C04F79EFBC}") = "Assembly-CSharp", "Assembly-CSharp.csproj", "{706668EA-266F-1E4C-03CB-D47FD9B9432B}"
EndProject
Project("{FAE04EC0-301F-11D3-BF4B-00C04F79EFBC}") = "Assembly-CSharp-Editor", "Assembly-CSharp-Editor.csproj", "{A9E3A52A-555B-A8D5-E6B1-5ACE174AD544}"
EndProject
Global
	GlobalSection(SolutionConfigurationPlatforms) = preSolution
		Debug|Any CPU = Debug|Any CPU
		Release|Any CPU = Release|Any CPU
	EndGlobalSection
	GlobalSection(ProjectConfigurationPlatforms) = postSolution
		{706668EA-266F-1E4C-03CB-D47FD9B9432B}.Debug|Any CPU.ActiveCfg = Debug|Any CPU
		{706668EA-266F-1E4C-03CB-D47FD9B9432B}.Debug|Any CPU.Build.0 = Debug|Any CPU
		{706668EA-266F-1E4C-03CB-D47FD9B9432B}.Release|Any CPU.ActiveCfg = Release|Any CPU
		{706668EA-266F-1E4C-03CB-D47FD9B9432B}.Release|Any CPU.Build.0 = Release|Any CPU
		{A9E3A52A-555B-A8D5-E6B1-5ACE174AD544}.Debug|Any CPU.ActiveCfg = Debug|Any CPU
		{A9E3A52A-555B-A8D5-E6B1-5ACE174AD544}.Debug|Any CPU.Build.0 = Debug|Any CPU
		{A9E3A52A-555B-A8D5-E6B1-5ACE174AD544}.Release|Any CPU.ActiveCfg = Release|Any CPU
		{A9E3A52A-555B-A8D5-E6B1-5ACE174AD544}.Release|Any CPU.Build.0 = Release|Any CPU
	EndGlobalSection
	GlobalSection(SolutionProperties) = preSolution
		HideSolutionNode = FALSE
	EndGlobalSection
EndGlobal
